
Microsoft Visual Studio Solution File, Format Version 12.00
# Visual Studio Version 16
VisualStudioVersion = 16.0.29009.5
MinimumVisualStudioVersion = 10.0.40219.1
Project("{FAE04EC0-301F-11D3-BF4B-00C04F79EFBC}") = "KombinatorikaLINQ", "KombinatorikaLINQ\KombinatorikaLINQ.csproj", "{99E343DB-D4EC-4D6C-84A2-E1307E357F65}"
EndProject
Global
	GlobalSection(SolutionConfigurationPlatforms) = preSolution
		Debug|Any CPU = Debug|Any CPU
		Release|Any CPU = Release|Any CPU
	EndGlobalSection
	GlobalSection(ProjectConfigurationPlatforms) = postSolution
		{99E343DB-D4EC-4D6C-84A2-E1307E357F65}.Debug|Any CPU.ActiveCfg = Debug|Any CPU
		{99E343DB-D4EC-4D6C-84A2-E1307E357F65}.Debug|Any CPU.Build.0 = Debug|Any CPU
		{99E343DB-D4EC-4D6C-84A2-E1307E357F65}.Release|Any CPU.ActiveCfg = Release|Any CPU
		{99E343DB-D4EC-4D6C-84A2-E1307E357F65}.Release|Any CPU.Build.0 = Release|Any CPU
	EndGlobalSection
	GlobalSection(SolutionProperties) = preSolution
		HideSolutionNode = FALSE
	EndGlobalSection
	GlobalSection(ExtensibilityGlobals) = postSolution
		SolutionGuid = {267163FF-A08B-485F-9F04-F074CAC6B994}
	EndGlobalSection
EndGlobal
